// !$*UTF8*$!
{
	archiveVersion = 1;
	classes = {
	};
	objectVersion = 50;
	objects = {

/* Begin PBXBuildFile section */
		AA3268412266535D004A81BC /* RaceCircuitModel.swift in Sources */ = {isa = PBXBuildFile; fileRef = AA3268402266535D004A81BC /* RaceCircuitModel.swift */; };
		AA326843226658A8004A81BC /* DataAccess.swift in Sources */ = {isa = PBXBuildFile; fileRef = AA326842226658A8004A81BC /* DataAccess.swift */; };
		AA32684522665917004A81BC /* ImsaData.json in Resources */ = {isa = PBXBuildFile; fileRef = AA32684422665917004A81BC /* ImsaData.json */; };
		AA32684922666F37004A81BC /* MenuItemModel.swift in Sources */ = {isa = PBXBuildFile; fileRef = AA32684822666F37004A81BC /* MenuItemModel.swift */; };
		AA32684B22666F91004A81BC /* MenuViewModel.swift in Sources */ = {isa = PBXBuildFile; fileRef = AA32684A22666F90004A81BC /* MenuViewModel.swift */; };
		AA32684D22668416004A81BC /* RaceCircuitViewModel.swift in Sources */ = {isa = PBXBuildFile; fileRef = AA32684C22668416004A81BC /* RaceCircuitViewModel.swift */; };
		AA32684F22668A6F004A81BC /* RaceCircuitViewController.swift in Sources */ = {isa = PBXBuildFile; fileRef = AA32684E22668A6F004A81BC /* RaceCircuitViewController.swift */; };
		AA9F71B52264D8E500454893 /* AppDelegate.swift in Sources */ = {isa = PBXBuildFile; fileRef = AA9F71B42264D8E500454893 /* AppDelegate.swift */; };
		AA9F71BA2264D8E500454893 /* Main.storyboard in Resources */ = {isa = PBXBuildFile; fileRef = AA9F71B82264D8E500454893 /* Main.storyboard */; };
		AA9F71BC2264D8E700454893 /* Assets.xcassets in Resources */ = {isa = PBXBuildFile; fileRef = AA9F71BB2264D8E700454893 /* Assets.xcassets */; };
		AA9F71BF2264D8E700454893 /* LaunchScreen.storyboard in Resources */ = {isa = PBXBuildFile; fileRef = AA9F71BD2264D8E700454893 /* LaunchScreen.storyboard */; };
		AA9F71C82264EA0900454893 /* MenuViewController.swift in Sources */ = {isa = PBXBuildFile; fileRef = AA9F71C72264EA0900454893 /* MenuViewController.swift */; };
		AA9F71CC22651B4200454893 /* ContainerViewController.swift in Sources */ = {isa = PBXBuildFile; fileRef = AA9F71CB22651B4200454893 /* ContainerViewController.swift */; };
		AAE45CBB22675ABC008EECCF /* EventTableViewCell.swift in Sources */ = {isa = PBXBuildFile; fileRef = AAE45CBA22675ABC008EECCF /* EventTableViewCell.swift */; };
		AAE45CC8226763B2008EECCF /* MosportPark1961.png in Resources */ = {isa = PBXBuildFile; fileRef = AAE45CBD226763B2008EECCF /* MosportPark1961.png */; };
		AAE45CC9226763B2008EECCF /* LeMans2015.png in Resources */ = {isa = PBXBuildFile; fileRef = AAE45CBE226763B2008EECCF /* LeMans2015.png */; };
		AAE45CCA226763B2008EECCF /* DaytonaRoadCourse2010.png in Resources */ = {isa = PBXBuildFile; fileRef = AAE45CBF226763B2008EECCF /* DaytonaRoadCourse2010.png */; };
		AAE45CCB226763B2008EECCF /* RoadAmerica2002.png in Resources */ = {isa = PBXBuildFile; fileRef = AAE45CC0226763B2008EECCF /* RoadAmerica2002.png */; };
		AAE45CCC226763B2008EECCF /* Sebring1999.png in Resources */ = {isa = PBXBuildFile; fileRef = AAE45CC1226763B2008EECCF /* Sebring1999.png */; };
		AAE45CCD226763B2008EECCF /* WatkinsGlen1992.png in Resources */ = {isa = PBXBuildFile; fileRef = AAE45CC2226763B2008EECCF /* WatkinsGlen1992.png */; };
		AAE45CCE226763B2008EECCF /* RoadAtlanta2008.png in Resources */ = {isa = PBXBuildFile; fileRef = AAE45CC3226763B2008EECCF /* RoadAtlanta2008.png */; };
		AAE45CCF226763B2008EECCF /* Detroit2013.png in Resources */ = {isa = PBXBuildFile; fileRef = AAE45CC4226763B2008EECCF /* Detroit2013.png */; };
		AAE45CD0226763B2008EECCF /* MidOhio2006.png in Resources */ = {isa = PBXBuildFile; fileRef = AAE45CC5226763B2008EECCF /* MidOhio2006.png */; };
		AAE45CD1226763B2008EECCF /* LagunaSeca1996.png in Resources */ = {isa = PBXBuildFile; fileRef = AAE45CC6226763B2008EECCF /* LagunaSeca1996.png */; };
		AAE45CD2226763B2008EECCF /* LongBeach2015.png in Resources */ = {isa = PBXBuildFile; fileRef = AAE45CC7226763B2008EECCF /* LongBeach2015.png */; };
/* End PBXBuildFile section */

/* Begin PBXFileReference section */
		AA3268402266535D004A81BC /* RaceCircuitModel.swift */ = {isa = PBXFileReference; lastKnownFileType = sourcecode.swift; path = RaceCircuitModel.swift; sourceTree = "<group>"; };
		AA326842226658A8004A81BC /* DataAccess.swift */ = {isa = PBXFileReference; lastKnownFileType = sourcecode.swift; path = DataAccess.swift; sourceTree = "<group>"; };
		AA32684422665917004A81BC /* ImsaData.json */ = {isa = PBXFileReference; fileEncoding = 4; lastKnownFileType = text.json; path = ImsaData.json; sourceTree = "<group>"; };
		AA32684822666F37004A81BC /* MenuItemModel.swift */ = {isa = PBXFileReference; lastKnownFileType = sourcecode.swift; path = MenuItemModel.swift; sourceTree = "<group>"; };
		AA32684A22666F90004A81BC /* MenuViewModel.swift */ = {isa = PBXFileReference; lastKnownFileType = sourcecode.swift; path = MenuViewModel.swift; sourceTree = "<group>"; };
		AA32684C22668416004A81BC /* RaceCircuitViewModel.swift */ = {isa = PBXFileReference; lastKnownFileType = sourcecode.swift; path = RaceCircuitViewModel.swift; sourceTree = "<group>"; };
		AA32684E22668A6F004A81BC /* RaceCircuitViewController.swift */ = {isa = PBXFileReference; lastKnownFileType = sourcecode.swift; path = RaceCircuitViewController.swift; sourceTree = "<group>"; };
		AA9F71B12264D8E500454893 /* MenuChallenge.app */ = {isa = PBXFileReference; explicitFileType = wrapper.application; includeInIndex = 0; path = MenuChallenge.app; sourceTree = BUILT_PRODUCTS_DIR; };
		AA9F71B42264D8E500454893 /* AppDelegate.swift */ = {isa = PBXFileReference; lastKnownFileType = sourcecode.swift; path = AppDelegate.swift; sourceTree = "<group>"; };
		AA9F71B92264D8E500454893 /* Base */ = {isa = PBXFileReference; lastKnownFileType = file.storyboard; name = Base; path = Base.lproj/Main.storyboard; sourceTree = "<group>"; };
		AA9F71BB2264D8E700454893 /* Assets.xcassets */ = {isa = PBXFileReference; lastKnownFileType = folder.assetcatalog; path = Assets.xcassets; sourceTree = "<group>"; };
		AA9F71BE2264D8E700454893 /* Base */ = {isa = PBXFileReference; lastKnownFileType = file.storyboard; name = Base; path = Base.lproj/LaunchScreen.storyboard; sourceTree = "<group>"; };
		AA9F71C02264D8E700454893 /* Info.plist */ = {isa = PBXFileReference; lastKnownFileType = text.plist.xml; path = Info.plist; sourceTree = "<group>"; };
		AA9F71C72264EA0900454893 /* MenuViewController.swift */ = {isa = PBXFileReference; lastKnownFileType = sourcecode.swift; path = MenuViewController.swift; sourceTree = "<group>"; };
		AA9F71CB22651B4200454893 /* ContainerViewController.swift */ = {isa = PBXFileReference; lastKnownFileType = sourcecode.swift; path = ContainerViewController.swift; sourceTree = "<group>"; };
		AAE45CBA22675ABC008EECCF /* EventTableViewCell.swift */ = {isa = PBXFileReference; lastKnownFileType = sourcecode.swift; path = EventTableViewCell.swift; sourceTree = "<group>"; };
		AAE45CBD226763B2008EECCF /* MosportPark1961.png */ = {isa = PBXFileReference; lastKnownFileType = image.png; path = MosportPark1961.png; sourceTree = "<group>"; };
		AAE45CBE226763B2008EECCF /* LeMans2015.png */ = {isa = PBXFileReference; lastKnownFileType = image.png; path = LeMans2015.png; sourceTree = "<group>"; };
		AAE45CBF226763B2008EECCF /* DaytonaRoadCourse2010.png */ = {isa = PBXFileReference; lastKnownFileType = image.png; path = DaytonaRoadCourse2010.png; sourceTree = "<group>"; };
		AAE45CC0226763B2008EECCF /* RoadAmerica2002.png */ = {isa = PBXFileReference; lastKnownFileType = image.png; path = RoadAmerica2002.png; sourceTree = "<group>"; };
		AAE45CC1226763B2008EECCF /* Sebring1999.png */ = {isa = PBXFileReference; lastKnownFileType = image.png; path = Sebring1999.png; sourceTree = "<group>"; };
		AAE45CC2226763B2008EECCF /* WatkinsGlen1992.png */ = {isa = PBXFileReference; lastKnownFileType = image.png; path = WatkinsGlen1992.png; sourceTree = "<group>"; };
		AAE45CC3226763B2008EECCF /* RoadAtlanta2008.png */ = {isa = PBXFileReference; lastKnownFileType = image.png; path = RoadAtlanta2008.png; sourceTree = "<group>"; };
		AAE45CC4226763B2008EECCF /* Detroit2013.png */ = {isa = PBXFileReference; lastKnownFileType = image.png; path = Detroit2013.png; sourceTree = "<group>"; };
		AAE45CC5226763B2008EECCF /* MidOhio2006.png */ = {isa = PBXFileReference; lastKnownFileType = image.png; path = MidOhio2006.png; sourceTree = "<group>"; };
		AAE45CC6226763B2008EECCF /* LagunaSeca1996.png */ = {isa = PBXFileReference; lastKnownFileType = image.png; path = LagunaSeca1996.png; sourceTree = "<group>"; };
		AAE45CC7226763B2008EECCF /* LongBeach2015.png */ = {isa = PBXFileReference; lastKnownFileType = image.png; path = LongBeach2015.png; sourceTree = "<group>"; };
/* End PBXFileReference section */

/* Begin PBXFrameworksBuildPhase section */
		AA9F71AE2264D8E500454893 /* Frameworks */ = {
			isa = PBXFrameworksBuildPhase;
			buildActionMask = 2147483647;
			files = (
			);
			runOnlyForDeploymentPostprocessing = 0;
		};
/* End PBXFrameworksBuildPhase section */

/* Begin PBXGroup section */
		AA32684622666311004A81BC /* RaceCircuitDetail */ = {
			isa = PBXGroup;
			children = (
				AA326842226658A8004A81BC /* DataAccess.swift */,
				AA32684E22668A6F004A81BC /* RaceCircuitViewController.swift */,
				AA32684C22668416004A81BC /* RaceCircuitViewModel.swift */,
				AA3268402266535D004A81BC /* RaceCircuitModel.swift */,
				AA32684422665917004A81BC /* ImsaData.json */,
				AAE45CBA22675ABC008EECCF /* EventTableViewCell.swift */,
			);
			path = RaceCircuitDetail;
			sourceTree = "<group>";
		};
		AA32684722666367004A81BC /* Container */ = {
			isa = PBXGroup;
			children = (
				AA9F71CB22651B4200454893 /* ContainerViewController.swift */,
			);
			path = Container;
			sourceTree = "<group>";
		};
		AA9F71A82264D8E500454893 = {
			isa = PBXGroup;
			children = (
				AA9F71B32264D8E500454893 /* MenuChallenge */,
				AA9F71B22264D8E500454893 /* Products */,
			);
			sourceTree = "<group>";
		};
		AA9F71B22264D8E500454893 /* Products */ = {
			isa = PBXGroup;
			children = (
				AA9F71B12264D8E500454893 /* MenuChallenge.app */,
			);
			name = Products;
			sourceTree = "<group>";
		};
		AA9F71B32264D8E500454893 /* MenuChallenge */ = {
			isa = PBXGroup;
			children = (
				AAE45CBC22676397008EECCF /* Images */,
				AA32684722666367004A81BC /* Container */,
				AA9F71C62264DC6D00454893 /* Menu */,
				AA32684622666311004A81BC /* RaceCircuitDetail */,
				AA9F71B42264D8E500454893 /* AppDelegate.swift */,
				AA9F71B82264D8E500454893 /* Main.storyboard */,
				AA9F71BB2264D8E700454893 /* Assets.xcassets */,
				AA9F71BD2264D8E700454893 /* LaunchScreen.storyboard */,
				AA9F71C02264D8E700454893 /* Info.plist */,
			);
			path = MenuChallenge;
			sourceTree = "<group>";
		};
		AA9F71C62264DC6D00454893 /* Menu */ = {
			isa = PBXGroup;
			children = (
				AA9F71C72264EA0900454893 /* MenuViewController.swift */,
				AA32684822666F37004A81BC /* MenuItemModel.swift */,
				AA32684A22666F90004A81BC /* MenuViewModel.swift */,
			);
			path = Menu;
			sourceTree = "<group>";
		};
		AAE45CBC22676397008EECCF /* Images */ = {
			isa = PBXGroup;
			children = (
				AAE45CBF226763B2008EECCF /* DaytonaRoadCourse2010.png */,
				AAE45CC4226763B2008EECCF /* Detroit2013.png */,
				AAE45CC6226763B2008EECCF /* LagunaSeca1996.png */,
				AAE45CBE226763B2008EECCF /* LeMans2015.png */,
				AAE45CC7226763B2008EECCF /* LongBeach2015.png */,
				AAE45CC5226763B2008EECCF /* MidOhio2006.png */,
				AAE45CBD226763B2008EECCF /* MosportPark1961.png */,
				AAE45CC0226763B2008EECCF /* RoadAmerica2002.png */,
				AAE45CC3226763B2008EECCF /* RoadAtlanta2008.png */,
				AAE45CC1226763B2008EECCF /* Sebring1999.png */,
				AAE45CC2226763B2008EECCF /* WatkinsGlen1992.png */,
			);
			path = Images;
			sourceTree = "<group>";
		};
/* End PBXGroup section */

/* Begin PBXNativeTarget section */
		AA9F71B02264D8E500454893 /* MenuChallenge */ = {
			isa = PBXNativeTarget;
			buildConfigurationList = AA9F71C32264D8E700454893 /* Build configuration list for PBXNativeTarget "MenuChallenge" */;
			buildPhases = (
				AA9F71AD2264D8E500454893 /* Sources */,
				AA9F71AE2264D8E500454893 /* Frameworks */,
				AA9F71AF2264D8E500454893 /* Resources */,
			);
			buildRules = (
			);
			dependencies = (
			);
			name = MenuChallenge;
			productName = MenuChallenge;
			productReference = AA9F71B12264D8E500454893 /* MenuChallenge.app */;
			productType = "com.apple.product-type.application";
		};
/* End PBXNativeTarget section */

/* Begin PBXProject section */
		AA9F71A92264D8E500454893 /* Project object */ = {
			isa = PBXProject;
			attributes = {
				LastSwiftUpdateCheck = 1020;
				LastUpgradeCheck = 1020;
				ORGANIZATIONNAME = Endava;
				TargetAttributes = {
					AA9F71B02264D8E500454893 = {
						CreatedOnToolsVersion = 10.2;
					};
				};
			};
			buildConfigurationList = AA9F71AC2264D8E500454893 /* Build configuration list for PBXProject "MenuChallenge" */;
			compatibilityVersion = "Xcode 9.3";
			developmentRegion = en;
			hasScannedForEncodings = 0;
			knownRegions = (
				en,
				Base,
			);
			mainGroup = AA9F71A82264D8E500454893;
			productRefGroup = AA9F71B22264D8E500454893 /* Products */;
			projectDirPath = "";
			projectRoot = "";
			targets = (
				AA9F71B02264D8E500454893 /* MenuChallenge */,
			);
		};
/* End PBXProject section */

/* Begin PBXResourcesBuildPhase section */
		AA9F71AF2264D8E500454893 /* Resources */ = {
			isa = PBXResourcesBuildPhase;
			buildActionMask = 2147483647;
			files = (
				AAE45CCA226763B2008EECCF /* DaytonaRoadCourse2010.png in Resources */,
				AAE45CD0226763B2008EECCF /* MidOhio2006.png in Resources */,
				AAE45CCC226763B2008EECCF /* Sebring1999.png in Resources */,
				AA9F71BF2264D8E700454893 /* LaunchScreen.storyboard in Resources */,
				AAE45CCB226763B2008EECCF /* RoadAmerica2002.png in Resources */,
				AAE45CCD226763B2008EECCF /* WatkinsGlen1992.png in Resources */,
				AAE45CD1226763B2008EECCF /* LagunaSeca1996.png in Resources */,
				AA32684522665917004A81BC /* ImsaData.json in Resources */,
				AAE45CC8226763B2008EECCF /* MosportPark1961.png in Resources */,
				AAE45CCE226763B2008EECCF /* RoadAtlanta2008.png in Resources */,
				AA9F71BC2264D8E700454893 /* Assets.xcassets in Resources */,
				AAE45CD2226763B2008EECCF /* LongBeach2015.png in Resources */,
				AA9F71BA2264D8E500454893 /* Main.storyboard in Resources */,
				AAE45CC9226763B2008EECCF /* LeMans2015.png in Resources */,
				AAE45CCF226763B2008EECCF /* Detroit2013.png in Resources */,
			);
			runOnlyForDeploymentPostprocessing = 0;
		};
/* End PBXResourcesBuildPhase section */

/* Begin PBXSourcesBuildPhase section */
		AA9F71AD2264D8E500454893 /* Sources */ = {
			isa = PBXSourcesBuildPhase;
			buildActionMask = 2147483647;
			files = (
				AA9F71C82264EA0900454893 /* MenuViewController.swift in Sources */,
				AA9F71CC22651B4200454893 /* ContainerViewController.swift in Sources */,
				AA32684922666F37004A81BC /* MenuItemModel.swift in Sources */,
				AAE45CBB22675ABC008EECCF /* EventTableViewCell.swift in Sources */,
				AA32684F22668A6F004A81BC /* RaceCircuitViewController.swift in Sources */,
				AA9F71B52264D8E500454893 /* AppDelegate.swift in Sources */,
				AA3268412266535D004A81BC /* RaceCircuitModel.swift in Sources */,
				AA326843226658A8004A81BC /* DataAccess.swift in Sources */,
				AA32684B22666F91004A81BC /* MenuViewModel.swift in Sources */,
				AA32684D22668416004A81BC /* RaceCircuitViewModel.swift in Sources */,
			);
			runOnlyForDeploymentPostprocessing = 0;
		};
/* End PBXSourcesBuildPhase section */

/* Begin PBXVariantGroup section */
		AA9F71B82264D8E500454893 /* Main.storyboard */ = {
			isa = PBXVariantGroup;
			children = (
				AA9F71B92264D8E500454893 /* Base */,
			);
			name = Main.storyboard;
			sourceTree = "<group>";
		};
		AA9F71BD2264D8E700454893 /* LaunchScreen.storyboard */ = {
			isa = PBXVariantGroup;
			children = (
				AA9F71BE2264D8E700454893 /* Base */,
			);
			name = LaunchScreen.storyboard;
			sourceTree = "<group>";
		};
/* End PBXVariantGroup section */

/* Begin XCBuildConfiguration section */
		AA9F71C12264D8E700454893 /* Debug */ = {
			isa = XCBuildConfiguration;
			buildSettings = {
				ALWAYS_SEARCH_USER_PATHS = NO;
				CLANG_ANALYZER_NONNULL = YES;
				CLANG_ANALYZER_NUMBER_OBJECT_CONVERSION = YES_AGGRESSIVE;
				CLANG_CXX_LANGUAGE_STANDARD = "gnu++14";
				CLANG_CXX_LIBRARY = "libc++";
				CLANG_ENABLE_MODULES = YES;
				CLANG_ENABLE_OBJC_ARC = YES;
				CLANG_ENABLE_OBJC_WEAK = YES;
				CLANG_WARN_BLOCK_CAPTURE_AUTORELEASING = YES;
				CLANG_WARN_BOOL_CONVERSION = YES;
				CLANG_WARN_COMMA = YES;
				CLANG_WARN_CONSTANT_CONVERSION = YES;
				CLANG_WARN_DEPRECATED_OBJC_IMPLEMENTATIONS = YES;
				CLANG_WARN_DIRECT_OBJC_ISA_USAGE = YES_ERROR;
				CLANG_WARN_DOCUMENTATION_COMMENTS = YES;
				CLANG_WARN_EMPTY_BODY = YES;
				CLANG_WARN_ENUM_CONVERSION = YES;
				CLANG_WARN_INFINITE_RECURSION = YES;
				CLANG_WARN_INT_CONVERSION = YES;
				CLANG_WARN_NON_LITERAL_NULL_CONVERSION = YES;
				CLANG_WARN_OBJC_IMPLICIT_RETAIN_SELF = YES;
				CLANG_WARN_OBJC_LITERAL_CONVERSION = YES;
				CLANG_WARN_OBJC_ROOT_CLASS = YES_ERROR;
				CLANG_WARN_RANGE_LOOP_ANALYSIS = YES;
				CLANG_WARN_STRICT_PROTOTYPES = YES;
				CLANG_WARN_SUSPICIOUS_MOVE = YES;
				CLANG_WARN_UNGUARDED_AVAILABILITY = YES_AGGRESSIVE;
				CLANG_WARN_UNREACHABLE_CODE = YES;
				CLANG_WARN__DUPLICATE_METHOD_MATCH = YES;
				CODE_SIGN_IDENTITY = "iPhone Developer";
				COPY_PHASE_STRIP = NO;
				DEBUG_INFORMATION_FORMAT = dwarf;
				ENABLE_STRICT_OBJC_MSGSEND = YES;
				ENABLE_TESTABILITY = YES;
				GCC_C_LANGUAGE_STANDARD = gnu11;
				GCC_DYNAMIC_NO_PIC = NO;
				GCC_NO_COMMON_BLOCKS = YES;
				GCC_OPTIMIZATION_LEVEL = 0;
				GCC_PREPROCESSOR_DEFINITIONS = (
					"DEBUG=1",
					"$(inherited)",
				);
				GCC_WARN_64_TO_32_BIT_CONVERSION = YES;
				GCC_WARN_ABOUT_RETURN_TYPE = YES_ERROR;
				GCC_WARN_UNDECLARED_SELECTOR = YES;
				GCC_WARN_UNINITIALIZED_AUTOS = YES_AGGRESSIVE;
				GCC_WARN_UNUSED_FUNCTION = YES;
				GCC_WARN_UNUSED_VARIABLE = YES;
				IPHONEOS_DEPLOYMENT_TARGET = 12.2;
				MTL_ENABLE_DEBUG_INFO = INCLUDE_SOURCE;
				MTL_FAST_MATH = YES;
				ONLY_ACTIVE_ARCH = YES;
				SDKROOT = iphoneos;
				SWIFT_ACTIVE_COMPILATION_CONDITIONS = DEBUG;
				SWIFT_OPTIMIZATION_LEVEL = "-Onone";
			};
			name = Debug;
		};
		AA9F71C22264D8E700454893 /* Release */ = {
			isa = XCBuildConfiguration;
			buildSettings = {
				ALWAYS_SEARCH_USER_PATHS = NO;
				CLANG_ANALYZER_NONNULL = YES;
				CLANG_ANALYZER_NUMBER_OBJECT_CONVERSION = YES_AGGRESSIVE;
				CLANG_CXX_LANGUAGE_STANDARD = "gnu++14";
				CLANG_CXX_LIBRARY = "libc++";
				CLANG_ENABLE_MODULES = YES;
				CLANG_ENABLE_OBJC_ARC = YES;
				CLANG_ENABLE_OBJC_WEAK = YES;
				CLANG_WARN_BLOCK_CAPTURE_AUTORELEASING = YES;
				CLANG_WARN_BOOL_CONVERSION = YES;
				CLANG_WARN_COMMA = YES;
				CLANG_WARN_CONSTANT_CONVERSION = YES;
				CLANG_WARN_DEPRECATED_OBJC_IMPLEMENTATIONS = YES;
				CLANG_WARN_DIRECT_OBJC_ISA_USAGE = YES_ERROR;
				CLANG_WARN_DOCUMENTATION_COMMENTS = YES;
				CLANG_WARN_EMPTY_BODY = YES;
				CLANG_WARN_ENUM_CONVERSION = YES;
				CLANG_WARN_INFINITE_RECURSION = YES;
				CLANG_WARN_INT_CONVERSION = YES;
				CLANG_WARN_NON_LITERAL_NULL_CONVERSION = YES;
				CLANG_WARN_OBJC_IMPLICIT_RETAIN_SELF = YES;
				CLANG_WARN_OBJC_LITERAL_CONVERSION = YES;
				CLANG_WARN_OBJC_ROOT_CLASS = YES_ERROR;
				CLANG_WARN_RANGE_LOOP_ANALYSIS = YES;
				CLANG_WARN_STRICT_PROTOTYPES = YES;
				CLANG_WARN_SUSPICIOUS_MOVE = YES;
				CLANG_WARN_UNGUARDED_AVAILABILITY = YES_AGGRESSIVE;
				CLANG_WARN_UNREACHABLE_CODE = YES;
				CLANG_WARN__DUPLICATE_METHOD_MATCH = YES;
				CODE_SIGN_IDENTITY = "iPhone Developer";
				COPY_PHASE_STRIP = NO;
				DEBUG_INFORMATION_FORMAT = "dwarf-with-dsym";
				ENABLE_NS_ASSERTIONS = NO;
				ENABLE_STRICT_OBJC_MSGSEND = YES;
				GCC_C_LANGUAGE_STANDARD = gnu11;
				GCC_NO_COMMON_BLOCKS = YES;
				GCC_WARN_64_TO_32_BIT_CONVERSION = YES;
				GCC_WARN_ABOUT_RETURN_TYPE = YES_ERROR;
				GCC_WARN_UNDECLARED_SELECTOR = YES;
				GCC_WARN_UNINITIALIZED_AUTOS = YES_AGGRESSIVE;
				GCC_WARN_UNUSED_FUNCTION = YES;
				GCC_WARN_UNUSED_VARIABLE = YES;
				IPHONEOS_DEPLOYMENT_TARGET = 12.2;
				MTL_ENABLE_DEBUG_INFO = NO;
				MTL_FAST_MATH = YES;
				SDKROOT = iphoneos;
				SWIFT_COMPILATION_MODE = wholemodule;
				SWIFT_OPTIMIZATION_LEVEL = "-O";
				VALIDATE_PRODUCT = YES;
			};
			name = Release;
		};
		AA9F71C42264D8E700454893 /* Debug */ = {
			isa = XCBuildConfiguration;
			buildSettings = {
				ASSETCATALOG_COMPILER_APPICON_NAME = AppIcon;
				CODE_SIGN_STYLE = Automatic;
				DEVELOPMENT_TEAM = QSBZ9KU2MH;
				INFOPLIST_FILE = MenuChallenge/Info.plist;
				LD_RUNPATH_SEARCH_PATHS = (
					"$(inherited)",
					"@executable_path/Frameworks",
				);
				PRODUCT_BUNDLE_IDENTIFIER = com.endava.ios.MenuChallenge;
				PRODUCT_NAME = "$(TARGET_NAME)";
				SWIFT_VERSION = 5.0;
				TARGETED_DEVICE_FAMILY = "1,2";
			};
			name = Debug;
		};
		AA9F71C52264D8E700454893 /* Release */ = {
			isa = XCBuildConfiguration;
			buildSettings = {
				ASSETCATALOG_COMPILER_APPICON_NAME = AppIcon;
				CODE_SIGN_STYLE = Automatic;
				DEVELOPMENT_TEAM = QSBZ9KU2MH;
				INFOPLIST_FILE = MenuChallenge/Info.plist;
				LD_RUNPATH_SEARCH_PATHS = (
					"$(inherited)",
					"@executable_path/Frameworks",
				);
				PRODUCT_BUNDLE_IDENTIFIER = com.endava.ios.MenuChallenge;
				PRODUCT_NAME = "$(TARGET_NAME)";
				SWIFT_VERSION = 5.0;
				TARGETED_DEVICE_FAMILY = "1,2";
			};
			name = Release;
		};
/* End XCBuildConfiguration section */

/* Begin XCConfigurationList section */
		AA9F71AC2264D8E500454893 /* Build configuration list for PBXProject "MenuChallenge" */ = {
			isa = XCConfigurationList;
			buildConfigurations = (
				AA9F71C12264D8E700454893 /* Debug */,
				AA9F71C22264D8E700454893 /* Release */,
			);
			defaultConfigurationIsVisible = 0;
			defaultConfigurationName = Release;
		};
		AA9F71C32264D8E700454893 /* Build configuration list for PBXNativeTarget "MenuChallenge" */ = {
			isa = XCConfigurationList;
			buildConfigurations = (
				AA9F71C42264D8E700454893 /* Debug */,
				AA9F71C52264D8E700454893 /* Release */,
			);
			defaultConfigurationIsVisible = 0;
			defaultConfigurationName = Release;
		};
/* End XCConfigurationList section */
	};
	rootObject = AA9F71A92264D8E500454893 /* Project object */;
}
