// !$*UTF8*$!
{
	archiveVersion = 1;
	classes = {
	};
	objectVersion = 50;
	objects = {

/* Begin PBXBuildFile section */
		AA9F71B52264D8E500454893 /* AppDelegate.swift in Sources */ = {isa = PBXBuildFile; fileRef = AA9F71B42264D8E500454893 /* AppDelegate.swift */; };
		AA9F71B72264D8E500454893 /* DetailViewController.swift in Sources */ = {isa = PBXBuildFile; fileRef = AA9F71B62264D8E500454893 /* DetailViewController.swift */; };
		AA9F71BA2264D8E500454893 /* Main.storyboard in Resources */ = {isa = PBXBuildFile; fileRef = AA9F71B82264D8E500454893 /* Main.storyboard */; };
		AA9F71BC2264D8E700454893 /* Assets.xcassets in Resources */ = {isa = PBXBuildFile; fileRef = AA9F71BB2264D8E700454893 /* Assets.xcassets */; };
		AA9F71BF2264D8E700454893 /* LaunchScreen.storyboard in Resources */ = {isa = PBXBuildFile; fileRef = AA9F71BD2264D8E700454893 /* LaunchScreen.storyboard */; };
		AA9F71C82264EA0900454893 /* MenuViewController.swift in Sources */ = {isa = PBXBuildFile; fileRef = AA9F71C72264EA0900454893 /* MenuViewController.swift */; };
		AA9F71CC22651B4200454893 /* ContainerViewController.swift in Sources */ = {isa = PBXBuildFile; fileRef = AA9F71CB22651B4200454893 /* ContainerViewController.swift */; };
/* End PBXBuildFile section */

/* Begin PBXFileReference section */
		AA9F71B12264D8E500454893 /* MenuChallenge.app */ = {isa = PBXFileReference; explicitFileType = wrapper.application; includeInIndex = 0; path = MenuChallenge.app; sourceTree = BUILT_PRODUCTS_DIR; };
		AA9F71B42264D8E500454893 /* AppDelegate.swift */ = {isa = PBXFileReference; lastKnownFileType = sourcecode.swift; path = AppDelegate.swift; sourceTree = "<group>"; };
		AA9F71B62264D8E500454893 /* DetailViewController.swift */ = {isa = PBXFileReference; lastKnownFileType = sourcecode.swift; path = DetailViewController.swift; sourceTree = "<group>"; };
		AA9F71B92264D8E500454893 /* Base */ = {isa = PBXFileReference; lastKnownFileType = file.storyboard; name = Base; path = Base.lproj/Main.storyboard; sourceTree = "<group>"; };
		AA9F71BB2264D8E700454893 /* Assets.xcassets */ = {isa = PBXFileReference; lastKnownFileType = folder.assetcatalog; path = Assets.xcassets; sourceTree = "<group>"; };
		AA9F71BE2264D8E700454893 /* Base */ = {isa = PBXFileReference; lastKnownFileType = file.storyboard; name = Base; path = Base.lproj/LaunchScreen.storyboard; sourceTree = "<group>"; };
		AA9F71C02264D8E700454893 /* Info.plist */ = {isa = PBXFileReference; lastKnownFileType = text.plist.xml; path = Info.plist; sourceTree = "<group>"; };
		AA9F71C72264EA0900454893 /* MenuViewController.swift */ = {isa = PBXFileReference; lastKnownFileType = sourcecode.swift; path = MenuViewController.swift; sourceTree = "<group>"; };
		AA9F71CB22651B4200454893 /* ContainerViewController.swift */ = {isa = PBXFileReference; lastKnownFileType = sourcecode.swift; path = ContainerViewController.swift; sourceTree = "<group>"; };
/* End PBXFileReference section */

/* Begin PBXFrameworksBuildPhase section */
		AA9F71AE2264D8E500454893 /* Frameworks */ = {
			isa = PBXFrameworksBuildPhase;
			buildActionMask = 2147483647;
			files = (
			);
			runOnlyForDeploymentPostprocessing = 0;
		};
/* End PBXFrameworksBuildPhase section */

/* Begin PBXGroup section */
		AA9F71A82264D8E500454893 = {
			isa = PBXGroup;
			children = (
				AA9F71B32264D8E500454893 /* MenuChallenge */,
				AA9F71B22264D8E500454893 /* Products */,
			);
			sourceTree = "<group>";
		};
		AA9F71B22264D8E500454893 /* Products */ = {
			isa = PBXGroup;
			children = (
				AA9F71B12264D8E500454893 /* MenuChallenge.app */,
			);
			name = Products;
			sourceTree = "<group>";
		};
		AA9F71B32264D8E500454893 /* MenuChallenge */ = {
			isa = PBXGroup;
			children = (
				AA9F71B42264D8E500454893 /* AppDelegate.swift */,
				AA9F71B62264D8E500454893 /* DetailViewController.swift */,
				AA9F71B82264D8E500454893 /* Main.storyboard */,
				AA9F71CB22651B4200454893 /* ContainerViewController.swift */,
				AA9F71BB2264D8E700454893 /* Assets.xcassets */,
				AA9F71BD2264D8E700454893 /* LaunchScreen.storyboard */,
				AA9F71C02264D8E700454893 /* Info.plist */,
				AA9F71C62264DC6D00454893 /* Menu */,
			);
			path = MenuChallenge;
			sourceTree = "<group>";
		};
		AA9F71C62264DC6D00454893 /* Menu */ = {
			isa = PBXGroup;
			children = (
				AA9F71C72264EA0900454893 /* MenuViewController.swift */,
			);
			path = Menu;
			sourceTree = "<group>";
		};
/* End PBXGroup section */

/* Begin PBXNativeTarget section */
		AA9F71B02264D8E500454893 /* MenuChallenge */ = {
			isa = PBXNativeTarget;
			buildConfigurationList = AA9F71C32264D8E700454893 /* Build configuration list for PBXNativeTarget "MenuChallenge" */;
			buildPhases = (
				AA9F71AD2264D8E500454893 /* Sources */,
				AA9F71AE2264D8E500454893 /* Frameworks */,
				AA9F71AF2264D8E500454893 /* Resources */,
			);
			buildRules = (
			);
			dependencies = (
			);
			name = MenuChallenge;
			productName = MenuChallenge;
			productReference = AA9F71B12264D8E500454893 /* MenuChallenge.app */;
			productType = "com.apple.product-type.application";
		};
/* End PBXNativeTarget section */

/* Begin PBXProject section */
		AA9F71A92264D8E500454893 /* Project object */ = {
			isa = PBXProject;
			attributes = {
				LastSwiftUpdateCheck = 1020;
				LastUpgradeCheck = 1020;
				ORGANIZATIONNAME = Endava;
				TargetAttributes = {
					AA9F71B02264D8E500454893 = {
						CreatedOnToolsVersion = 10.2;
					};
				};
			};
			buildConfigurationList = AA9F71AC2264D8E500454893 /* Build configuration list for PBXProject "MenuChallenge" */;
			compatibilityVersion = "Xcode 9.3";
			developmentRegion = en;
			hasScannedForEncodings = 0;
			knownRegions = (
				en,
				Base,
			);
			mainGroup = AA9F71A82264D8E500454893;
			productRefGroup = AA9F71B22264D8E500454893 /* Products */;
			projectDirPath = "";
			projectRoot = "";
			targets = (
				AA9F71B02264D8E500454893 /* MenuChallenge */,
			);
		};
/* End PBXProject section */

/* Begin PBXResourcesBuildPhase section */
		AA9F71AF2264D8E500454893 /* Resources */ = {
			isa = PBXResourcesBuildPhase;
			buildActionMask = 2147483647;
			files = (
				AA9F71BF2264D8E700454893 /* LaunchScreen.storyboard in Resources */,
				AA9F71BC2264D8E700454893 /* Assets.xcassets in Resources */,
				AA9F71BA2264D8E500454893 /* Main.storyboard in Resources */,
			);
			runOnlyForDeploymentPostprocessing = 0;
		};
/* End PBXResourcesBuildPhase section */

/* Begin PBXSourcesBuildPhase section */
		AA9F71AD2264D8E500454893 /* Sources */ = {
			isa = PBXSourcesBuildPhase;
			buildActionMask = 2147483647;
			files = (
				AA9F71B72264D8E500454893 /* DetailViewController.swift in Sources */,
				AA9F71C82264EA0900454893 /* MenuViewController.swift in Sources */,
				AA9F71CC22651B4200454893 /* ContainerViewController.swift in Sources */,
				AA9F71B52264D8E500454893 /* AppDelegate.swift in Sources */,
			);
			runOnlyForDeploymentPostprocessing = 0;
		};
/* End PBXSourcesBuildPhase section */

/* Begin PBXVariantGroup section */
		AA9F71B82264D8E500454893 /* Main.storyboard */ = {
			isa = PBXVariantGroup;
			children = (
				AA9F71B92264D8E500454893 /* Base */,
			);
			name = Main.storyboard;
			sourceTree = "<group>";
		};
		AA9F71BD2264D8E700454893 /* LaunchScreen.storyboard */ = {
			isa = PBXVariantGroup;
			children = (
				AA9F71BE2264D8E700454893 /* Base */,
			);
			name = LaunchScreen.storyboard;
			sourceTree = "<group>";
		};
/* End PBXVariantGroup section */

/* Begin XCBuildConfiguration section */
		AA9F71C12264D8E700454893 /* Debug */ = {
			isa = XCBuildConfiguration;
			buildSettings = {
				ALWAYS_SEARCH_USER_PATHS = NO;
				CLANG_ANALYZER_NONNULL = YES;
				CLANG_ANALYZER_NUMBER_OBJECT_CONVERSION = YES_AGGRESSIVE;
				CLANG_CXX_LANGUAGE_STANDARD = "gnu++14";
				CLANG_CXX_LIBRARY = "libc++";
				CLANG_ENABLE_MODULES = YES;
				CLANG_ENABLE_OBJC_ARC = YES;
				CLANG_ENABLE_OBJC_WEAK = YES;
				CLANG_WARN_BLOCK_CAPTURE_AUTORELEASING = YES;
				CLANG_WARN_BOOL_CONVERSION = YES;
				CLANG_WARN_COMMA = YES;
				CLANG_WARN_CONSTANT_CONVERSION = YES;
				CLANG_WARN_DEPRECATED_OBJC_IMPLEMENTATIONS = YES;
				CLANG_WARN_DIRECT_OBJC_ISA_USAGE = YES_ERROR;
				CLANG_WARN_DOCUMENTATION_COMMENTS = YES;
				CLANG_WARN_EMPTY_BODY = YES;
				CLANG_WARN_ENUM_CONVERSION = YES;
				CLANG_WARN_INFINITE_RECURSION = YES;
				CLANG_WARN_INT_CONVERSION = YES;
				CLANG_WARN_NON_LITERAL_NULL_CONVERSION = YES;
				CLANG_WARN_OBJC_IMPLICIT_RETAIN_SELF = YES;
				CLANG_WARN_OBJC_LITERAL_CONVERSION = YES;
				CLANG_WARN_OBJC_ROOT_CLASS = YES_ERROR;
				CLANG_WARN_RANGE_LOOP_ANALYSIS = YES;
				CLANG_WARN_STRICT_PROTOTYPES = YES;
				CLANG_WARN_SUSPICIOUS_MOVE = YES;
				CLANG_WARN_UNGUARDED_AVAILABILITY = YES_AGGRESSIVE;
				CLANG_WARN_UNREACHABLE_CODE = YES;
				CLANG_WARN__DUPLICATE_METHOD_MATCH = YES;
				CODE_SIGN_IDENTITY = "iPhone Developer";
				COPY_PHASE_STRIP = NO;
				DEBUG_INFORMATION_FORMAT = dwarf;
				ENABLE_STRICT_OBJC_MSGSEND = YES;
				ENABLE_TESTABILITY = YES;
				GCC_C_LANGUAGE_STANDARD = gnu11;
				GCC_DYNAMIC_NO_PIC = NO;
				GCC_NO_COMMON_BLOCKS = YES;
				GCC_OPTIMIZATION_LEVEL = 0;
				GCC_PREPROCESSOR_DEFINITIONS = (
					"DEBUG=1",
					"$(inherited)",
				);
				GCC_WARN_64_TO_32_BIT_CONVERSION = YES;
				GCC_WARN_ABOUT_RETURN_TYPE = YES_ERROR;
				GCC_WARN_UNDECLARED_SELECTOR = YES;
				GCC_WARN_UNINITIALIZED_AUTOS = YES_AGGRESSIVE;
				GCC_WARN_UNUSED_FUNCTION = YES;
				GCC_WARN_UNUSED_VARIABLE = YES;
				IPHONEOS_DEPLOYMENT_TARGET = 12.2;
				MTL_ENABLE_DEBUG_INFO = INCLUDE_SOURCE;
				MTL_FAST_MATH = YES;
				ONLY_ACTIVE_ARCH = YES;
				SDKROOT = iphoneos;
				SWIFT_ACTIVE_COMPILATION_CONDITIONS = DEBUG;
				SWIFT_OPTIMIZATION_LEVEL = "-Onone";
			};
			name = Debug;
		};
		AA9F71C22264D8E700454893 /* Release */ = {
			isa = XCBuildConfiguration;
			buildSettings = {
				ALWAYS_SEARCH_USER_PATHS = NO;
				CLANG_ANALYZER_NONNULL = YES;
				CLANG_ANALYZER_NUMBER_OBJECT_CONVERSION = YES_AGGRESSIVE;
				CLANG_CXX_LANGUAGE_STANDARD = "gnu++14";
				CLANG_CXX_LIBRARY = "libc++";
				CLANG_ENABLE_MODULES = YES;
				CLANG_ENABLE_OBJC_ARC = YES;
				CLANG_ENABLE_OBJC_WEAK = YES;
				CLANG_WARN_BLOCK_CAPTURE_AUTORELEASING = YES;
				CLANG_WARN_BOOL_CONVERSION = YES;
				CLANG_WARN_COMMA = YES;
				CLANG_WARN_CONSTANT_CONVERSION = YES;
				CLANG_WARN_DEPRECATED_OBJC_IMPLEMENTATIONS = YES;
				CLANG_WARN_DIRECT_OBJC_ISA_USAGE = YES_ERROR;
				CLANG_WARN_DOCUMENTATION_COMMENTS = YES;
				CLANG_WARN_EMPTY_BODY = YES;
				CLANG_WARN_ENUM_CONVERSION = YES;
				CLANG_WARN_INFINITE_RECURSION = YES;
				CLANG_WARN_INT_CONVERSION = YES;
				CLANG_WARN_NON_LITERAL_NULL_CONVERSION = YES;
				CLANG_WARN_OBJC_IMPLICIT_RETAIN_SELF = YES;
				CLANG_WARN_OBJC_LITERAL_CONVERSION = YES;
				CLANG_WARN_OBJC_ROOT_CLASS = YES_ERROR;
				CLANG_WARN_RANGE_LOOP_ANALYSIS = YES;
				CLANG_WARN_STRICT_PROTOTYPES = YES;
				CLANG_WARN_SUSPICIOUS_MOVE = YES;
				CLANG_WARN_UNGUARDED_AVAILABILITY = YES_AGGRESSIVE;
				CLANG_WARN_UNREACHABLE_CODE = YES;
				CLANG_WARN__DUPLICATE_METHOD_MATCH = YES;
				CODE_SIGN_IDENTITY = "iPhone Developer";
				COPY_PHASE_STRIP = NO;
				DEBUG_INFORMATION_FORMAT = "dwarf-with-dsym";
				ENABLE_NS_ASSERTIONS = NO;
				ENABLE_STRICT_OBJC_MSGSEND = YES;
				GCC_C_LANGUAGE_STANDARD = gnu11;
				GCC_NO_COMMON_BLOCKS = YES;
				GCC_WARN_64_TO_32_BIT_CONVERSION = YES;
				GCC_WARN_ABOUT_RETURN_TYPE = YES_ERROR;
				GCC_WARN_UNDECLARED_SELECTOR = YES;
				GCC_WARN_UNINITIALIZED_AUTOS = YES_AGGRESSIVE;
				GCC_WARN_UNUSED_FUNCTION = YES;
				GCC_WARN_UNUSED_VARIABLE = YES;
				IPHONEOS_DEPLOYMENT_TARGET = 12.2;
				MTL_ENABLE_DEBUG_INFO = NO;
				MTL_FAST_MATH = YES;
				SDKROOT = iphoneos;
				SWIFT_COMPILATION_MODE = wholemodule;
				SWIFT_OPTIMIZATION_LEVEL = "-O";
				VALIDATE_PRODUCT = YES;
			};
			name = Release;
		};
		AA9F71C42264D8E700454893 /* Debug */ = {
			isa = XCBuildConfiguration;
			buildSettings = {
				ASSETCATALOG_COMPILER_APPICON_NAME = AppIcon;
				CODE_SIGN_STYLE = Automatic;
				DEVELOPMENT_TEAM = QSBZ9KU2MH;
				INFOPLIST_FILE = MenuChallenge/Info.plist;
				LD_RUNPATH_SEARCH_PATHS = (
					"$(inherited)",
					"@executable_path/Frameworks",
				);
				PRODUCT_BUNDLE_IDENTIFIER = com.endava.ios.MenuChallenge;
				PRODUCT_NAME = "$(TARGET_NAME)";
				SWIFT_VERSION = 5.0;
				TARGETED_DEVICE_FAMILY = "1,2";
			};
			name = Debug;
		};
		AA9F71C52264D8E700454893 /* Release */ = {
			isa = XCBuildConfiguration;
			buildSettings = {
				ASSETCATALOG_COMPILER_APPICON_NAME = AppIcon;
				CODE_SIGN_STYLE = Automatic;
				DEVELOPMENT_TEAM = QSBZ9KU2MH;
				INFOPLIST_FILE = MenuChallenge/Info.plist;
				LD_RUNPATH_SEARCH_PATHS = (
					"$(inherited)",
					"@executable_path/Frameworks",
				);
				PRODUCT_BUNDLE_IDENTIFIER = com.endava.ios.MenuChallenge;
				PRODUCT_NAME = "$(TARGET_NAME)";
				SWIFT_VERSION = 5.0;
				TARGETED_DEVICE_FAMILY = "1,2";
			};
			name = Release;
		};
/* End XCBuildConfiguration section */

/* Begin XCConfigurationList section */
		AA9F71AC2264D8E500454893 /* Build configuration list for PBXProject "MenuChallenge" */ = {
			isa = XCConfigurationList;
			buildConfigurations = (
				AA9F71C12264D8E700454893 /* Debug */,
				AA9F71C22264D8E700454893 /* Release */,
			);
			defaultConfigurationIsVisible = 0;
			defaultConfigurationName = Release;
		};
		AA9F71C32264D8E700454893 /* Build configuration list for PBXNativeTarget "MenuChallenge" */ = {
			isa = XCConfigurationList;
			buildConfigurations = (
				AA9F71C42264D8E700454893 /* Debug */,
				AA9F71C52264D8E700454893 /* Release */,
			);
			defaultConfigurationIsVisible = 0;
			defaultConfigurationName = Release;
		};
/* End XCConfigurationList section */
	};
	rootObject = AA9F71A92264D8E500454893 /* Project object */;
}
